
Microsoft Visual Studio Solution File, Format Version 12.00
# Visual Studio 2012
Project("{D954291E-2A0B-460D-934E-DC6B0785DB48}") = "TrialFiveFormsShared", "TrialFiveFormsShared\TrialFiveFormsShared.shproj", "{4066E051-B52E-487D-BB2F-DA596094B97B}"
EndProject
Project("{FAE04EC0-301F-11D3-BF4B-00C04F79EFBC}") = "TrialFiveFormsShared.iOS", "iOS\TrialFiveFormsShared.iOS.csproj", "{59861C94-3F3C-4798-B6C7-FFCC701C0858}"
EndProject
Project("{FAE04EC0-301F-11D3-BF4B-00C04F79EFBC}") = "TrialFiveFormsShared.Droid", "Droid\TrialFiveFormsShared.Droid.csproj", "{5926132F-C1F6-4DB6-9263-B893D16EF993}"
EndProject
Global
	GlobalSection(SolutionConfigurationPlatforms) = preSolution
		Debug|iPhoneSimulator = Debug|iPhoneSimulator
		Release|iPhone = Release|iPhone
		Release|iPhoneSimulator = Release|iPhoneSimulator
		Debug|iPhone = Debug|iPhone
		Debug|Any CPU = Debug|Any CPU
		Release|Any CPU = Release|Any CPU
	EndGlobalSection
	GlobalSection(ProjectConfigurationPlatforms) = postSolution
		{59861C94-3F3C-4798-B6C7-FFCC701C0858}.Debug|iPhoneSimulator.ActiveCfg = Debug|iPhoneSimulator
		{59861C94-3F3C-4798-B6C7-FFCC701C0858}.Debug|iPhoneSimulator.Build.0 = Debug|iPhoneSimulator
		{59861C94-3F3C-4798-B6C7-FFCC701C0858}.Release|iPhone.ActiveCfg = Release|iPhone
		{59861C94-3F3C-4798-B6C7-FFCC701C0858}.Release|iPhone.Build.0 = Release|iPhone
		{59861C94-3F3C-4798-B6C7-FFCC701C0858}.Release|iPhoneSimulator.ActiveCfg = Release|iPhoneSimulator
		{59861C94-3F3C-4798-B6C7-FFCC701C0858}.Release|iPhoneSimulator.Build.0 = Release|iPhoneSimulator
		{59861C94-3F3C-4798-B6C7-FFCC701C0858}.Debug|iPhone.ActiveCfg = Debug|iPhone
		{59861C94-3F3C-4798-B6C7-FFCC701C0858}.Debug|iPhone.Build.0 = Debug|iPhone
		{59861C94-3F3C-4798-B6C7-FFCC701C0858}.Debug|Any CPU.ActiveCfg = Debug|iPhoneSimulator
		{59861C94-3F3C-4798-B6C7-FFCC701C0858}.Debug|Any CPU.Build.0 = Debug|iPhoneSimulator
		{59861C94-3F3C-4798-B6C7-FFCC701C0858}.Release|Any CPU.ActiveCfg = Release|iPhone
		{59861C94-3F3C-4798-B6C7-FFCC701C0858}.Release|Any CPU.Build.0 = Release|iPhone
		{5926132F-C1F6-4DB6-9263-B893D16EF993}.Debug|iPhoneSimulator.ActiveCfg = Debug|Any CPU
		{5926132F-C1F6-4DB6-9263-B893D16EF993}.Debug|iPhoneSimulator.Build.0 = Debug|Any CPU
		{5926132F-C1F6-4DB6-9263-B893D16EF993}.Release|iPhone.ActiveCfg = Release|Any CPU
		{5926132F-C1F6-4DB6-9263-B893D16EF993}.Release|iPhone.Build.0 = Release|Any CPU
		{5926132F-C1F6-4DB6-9263-B893D16EF993}.Release|iPhoneSimulator.ActiveCfg = Release|Any CPU
		{5926132F-C1F6-4DB6-9263-B893D16EF993}.Release|iPhoneSimulator.Build.0 = Release|Any CPU
		{5926132F-C1F6-4DB6-9263-B893D16EF993}.Debug|iPhone.ActiveCfg = Debug|Any CPU
		{5926132F-C1F6-4DB6-9263-B893D16EF993}.Debug|iPhone.Build.0 = Debug|Any CPU
		{5926132F-C1F6-4DB6-9263-B893D16EF993}.Debug|Any CPU.ActiveCfg = Debug|Any CPU
		{5926132F-C1F6-4DB6-9263-B893D16EF993}.Debug|Any CPU.Build.0 = Debug|Any CPU
		{5926132F-C1F6-4DB6-9263-B893D16EF993}.Release|Any CPU.ActiveCfg = Release|Any CPU
		{5926132F-C1F6-4DB6-9263-B893D16EF993}.Release|Any CPU.Build.0 = Release|Any CPU
	EndGlobalSection
EndGlobal
